
Microsoft Visual Studio Solution File, Format Version 12.00
# Visual Studio Version 16
VisualStudioVersion = 16.0.31624.102
MinimumVisualStudioVersion = 10.0.40219.1
Project("{FAE04EC0-301F-11D3-BF4B-00C04F79EFBC}") = "Autoservice", "Autoservice\Autoservice.csproj", "{CCF4C2BC-454B-4C70-A352-45CD2D899710}"
EndProject
Project("{FAE04EC0-301F-11D3-BF4B-00C04F79EFBC}") = "DatabaseLayer", "DatabaseLayer\DatabaseLayer.csproj", "{771238D4-92DB-4B0E-AD7B-12C7C31FEA8E}"
EndProject
Global
	GlobalSection(SolutionConfigurationPlatforms) = preSolution
		Debug|Any CPU = Debug|Any CPU
		Release|Any CPU = Release|Any CPU
	EndGlobalSection
	GlobalSection(ProjectConfigurationPlatforms) = postSolution
		{CCF4C2BC-454B-4C70-A352-45CD2D899710}.Debug|Any CPU.ActiveCfg = Debug|Any CPU
		{CCF4C2BC-454B-4C70-A352-45CD2D899710}.Debug|Any CPU.Build.0 = Debug|Any CPU
		{CCF4C2BC-454B-4C70-A352-45CD2D899710}.Release|Any CPU.ActiveCfg = Release|Any CPU
		{CCF4C2BC-454B-4C70-A352-45CD2D899710}.Release|Any CPU.Build.0 = Release|Any CPU
		{771238D4-92DB-4B0E-AD7B-12C7C31FEA8E}.Debug|Any CPU.ActiveCfg = Debug|Any CPU
		{771238D4-92DB-4B0E-AD7B-12C7C31FEA8E}.Debug|Any CPU.Build.0 = Debug|Any CPU
		{771238D4-92DB-4B0E-AD7B-12C7C31FEA8E}.Release|Any CPU.ActiveCfg = Release|Any CPU
		{771238D4-92DB-4B0E-AD7B-12C7C31FEA8E}.Release|Any CPU.Build.0 = Release|Any CPU
	EndGlobalSection
	GlobalSection(SolutionProperties) = preSolution
		HideSolutionNode = FALSE
	EndGlobalSection
	GlobalSection(ExtensibilityGlobals) = postSolution
		SolutionGuid = {DD19895C-8389-4172-8E0C-87F2BDE2C5B3}
	EndGlobalSection
EndGlobal
